
Microsoft Visual Studio Solution File, Format Version 12.00
# Visual Studio Version 16
VisualStudioVersion = 16.0.31424.327
MinimumVisualStudioVersion = 10.0.40219.1
Project("{FAE04EC0-301F-11D3-BF4B-00C04F79EFBC}") = "ParkyAPI", "ParkyAPI\ParkyAPI.csproj", "{19388F91-E6F1-4920-AD6D-346DFE534437}"
EndProject
Global
	GlobalSection(SolutionConfigurationPlatforms) = preSolution
		Debug|Any CPU = Debug|Any CPU
		Release|Any CPU = Release|Any CPU
	EndGlobalSection
	GlobalSection(ProjectConfigurationPlatforms) = postSolution
		{19388F91-E6F1-4920-AD6D-346DFE534437}.Debug|Any CPU.ActiveCfg = Debug|Any CPU
		{19388F91-E6F1-4920-AD6D-346DFE534437}.Debug|Any CPU.Build.0 = Debug|Any CPU
		{19388F91-E6F1-4920-AD6D-346DFE534437}.Release|Any CPU.ActiveCfg = Release|Any CPU
		{19388F91-E6F1-4920-AD6D-346DFE534437}.Release|Any CPU.Build.0 = Release|Any CPU
	EndGlobalSection
	GlobalSection(SolutionProperties) = preSolution
		HideSolutionNode = FALSE
	EndGlobalSection
	GlobalSection(ExtensibilityGlobals) = postSolution
		SolutionGuid = {E5BBAA83-7D38-46F4-A9E8-A7D7D0C51631}
	EndGlobalSection
EndGlobal
